
Microsoft Visual Studio Solution File, Format Version 12.00
# Visual Studio Version 16
VisualStudioVersion = 25.0.1706.0
MinimumVisualStudioVersion = 10.0.40219.1
Project("{FAE04EC0-301F-11D3-BF4B-00C04F79EFBC}") = "Beecrowd1003", "Beecrowd1003\Beecrowd1003.csproj", "{5E1C1384-3EF3-4F77-815F-22BB501F0A7E}"
EndProject
Global
	GlobalSection(SolutionConfigurationPlatforms) = preSolution
		Debug|Any CPU = Debug|Any CPU
		Release|Any CPU = Release|Any CPU
	EndGlobalSection
	GlobalSection(ProjectConfigurationPlatforms) = postSolution
		{5E1C1384-3EF3-4F77-815F-22BB501F0A7E}.Debug|Any CPU.ActiveCfg = Debug|Any CPU
		{5E1C1384-3EF3-4F77-815F-22BB501F0A7E}.Debug|Any CPU.Build.0 = Debug|Any CPU
		{5E1C1384-3EF3-4F77-815F-22BB501F0A7E}.Release|Any CPU.ActiveCfg = Release|Any CPU
		{5E1C1384-3EF3-4F77-815F-22BB501F0A7E}.Release|Any CPU.Build.0 = Release|Any CPU
	EndGlobalSection
	GlobalSection(SolutionProperties) = preSolution
		HideSolutionNode = FALSE
	EndGlobalSection
	GlobalSection(ExtensibilityGlobals) = postSolution
		SolutionGuid = {44C75FDA-34CC-40EB-BE5B-364686FC75D8}
	EndGlobalSection
EndGlobal
