
Microsoft Visual Studio Solution File, Format Version 12.00
# Visual Studio Version 16
VisualStudioVersion = 25.0.1706.2
MinimumVisualStudioVersion = 10.0.40219.1
Project("{FAE04EC0-301F-11D3-BF4B-00C04F79EFBC}") = "Beecrowd1037", "Beecrowd1037\Beecrowd1037.csproj", "{CC876A4C-640A-47CF-A517-3976EDFF6B66}"
EndProject
Global
	GlobalSection(SolutionConfigurationPlatforms) = preSolution
		Debug|Any CPU = Debug|Any CPU
		Release|Any CPU = Release|Any CPU
	EndGlobalSection
	GlobalSection(ProjectConfigurationPlatforms) = postSolution
		{CC876A4C-640A-47CF-A517-3976EDFF6B66}.Debug|Any CPU.ActiveCfg = Debug|Any CPU
		{CC876A4C-640A-47CF-A517-3976EDFF6B66}.Debug|Any CPU.Build.0 = Debug|Any CPU
		{CC876A4C-640A-47CF-A517-3976EDFF6B66}.Release|Any CPU.ActiveCfg = Release|Any CPU
		{CC876A4C-640A-47CF-A517-3976EDFF6B66}.Release|Any CPU.Build.0 = Release|Any CPU
	EndGlobalSection
	GlobalSection(SolutionProperties) = preSolution
		HideSolutionNode = FALSE
	EndGlobalSection
	GlobalSection(ExtensibilityGlobals) = postSolution
		SolutionGuid = {C3B3AE27-33B3-4A47-8804-AB77DDA400A7}
	EndGlobalSection
EndGlobal
