
Microsoft Visual Studio Solution File, Format Version 12.00
# Visual Studio Version 16
VisualStudioVersion = 25.0.1706.0
MinimumVisualStudioVersion = 10.0.40219.1
Project("{FAE04EC0-301F-11D3-BF4B-00C04F79EFBC}") = "Beecrowd1014", "Beecrowd1014\Beecrowd1014.csproj", "{44AA76A6-7181-4521-A1F9-622831B962C0}"
EndProject
Global
	GlobalSection(SolutionConfigurationPlatforms) = preSolution
		Debug|Any CPU = Debug|Any CPU
		Release|Any CPU = Release|Any CPU
	EndGlobalSection
	GlobalSection(ProjectConfigurationPlatforms) = postSolution
		{44AA76A6-7181-4521-A1F9-622831B962C0}.Debug|Any CPU.ActiveCfg = Debug|Any CPU
		{44AA76A6-7181-4521-A1F9-622831B962C0}.Debug|Any CPU.Build.0 = Debug|Any CPU
		{44AA76A6-7181-4521-A1F9-622831B962C0}.Release|Any CPU.ActiveCfg = Release|Any CPU
		{44AA76A6-7181-4521-A1F9-622831B962C0}.Release|Any CPU.Build.0 = Release|Any CPU
	EndGlobalSection
	GlobalSection(SolutionProperties) = preSolution
		HideSolutionNode = FALSE
	EndGlobalSection
	GlobalSection(ExtensibilityGlobals) = postSolution
		SolutionGuid = {5DE14445-5479-41DD-BC20-D851627C7911}
	EndGlobalSection
EndGlobal
