
Microsoft Visual Studio Solution File, Format Version 12.00
# Visual Studio Version 16
VisualStudioVersion = 25.0.1706.2
MinimumVisualStudioVersion = 10.0.40219.1
Project("{FAE04EC0-301F-11D3-BF4B-00C04F79EFBC}") = "Beecrowd1117", "Beecrowd1117\Beecrowd1117.csproj", "{AE0A1151-D778-4598-BC6B-D407A1E08E54}"
EndProject
Global
	GlobalSection(SolutionConfigurationPlatforms) = preSolution
		Debug|Any CPU = Debug|Any CPU
		Release|Any CPU = Release|Any CPU
	EndGlobalSection
	GlobalSection(ProjectConfigurationPlatforms) = postSolution
		{AE0A1151-D778-4598-BC6B-D407A1E08E54}.Debug|Any CPU.ActiveCfg = Debug|Any CPU
		{AE0A1151-D778-4598-BC6B-D407A1E08E54}.Debug|Any CPU.Build.0 = Debug|Any CPU
		{AE0A1151-D778-4598-BC6B-D407A1E08E54}.Release|Any CPU.ActiveCfg = Release|Any CPU
		{AE0A1151-D778-4598-BC6B-D407A1E08E54}.Release|Any CPU.Build.0 = Release|Any CPU
	EndGlobalSection
	GlobalSection(SolutionProperties) = preSolution
		HideSolutionNode = FALSE
	EndGlobalSection
	GlobalSection(ExtensibilityGlobals) = postSolution
		SolutionGuid = {88554EC2-A055-409F-9246-436ADE157FA5}
	EndGlobalSection
EndGlobal
