
Microsoft Visual Studio Solution File, Format Version 12.00
# Visual Studio Version 16
VisualStudioVersion = 25.0.1706.2
MinimumVisualStudioVersion = 10.0.40219.1
Project("{FAE04EC0-301F-11D3-BF4B-00C04F79EFBC}") = "Beecrowd1114", "Beecrowd1114\Beecrowd1114.csproj", "{8214B462-5D3A-4F58-8FD1-F0A7FC91A3B7}"
EndProject
Global
	GlobalSection(SolutionConfigurationPlatforms) = preSolution
		Debug|Any CPU = Debug|Any CPU
		Release|Any CPU = Release|Any CPU
	EndGlobalSection
	GlobalSection(ProjectConfigurationPlatforms) = postSolution
		{8214B462-5D3A-4F58-8FD1-F0A7FC91A3B7}.Debug|Any CPU.ActiveCfg = Debug|Any CPU
		{8214B462-5D3A-4F58-8FD1-F0A7FC91A3B7}.Debug|Any CPU.Build.0 = Debug|Any CPU
		{8214B462-5D3A-4F58-8FD1-F0A7FC91A3B7}.Release|Any CPU.ActiveCfg = Release|Any CPU
		{8214B462-5D3A-4F58-8FD1-F0A7FC91A3B7}.Release|Any CPU.Build.0 = Release|Any CPU
	EndGlobalSection
	GlobalSection(SolutionProperties) = preSolution
		HideSolutionNode = FALSE
	EndGlobalSection
	GlobalSection(ExtensibilityGlobals) = postSolution
		SolutionGuid = {30FCF325-7416-4A19-8CA1-3E4D603227C7}
	EndGlobalSection
EndGlobal
