
Microsoft Visual Studio Solution File, Format Version 12.00
# Visual Studio Version 16
VisualStudioVersion = 25.0.1706.2
MinimumVisualStudioVersion = 10.0.40219.1
Project("{FAE04EC0-301F-11D3-BF4B-00C04F79EFBC}") = "Beecrowd1159", "Beecrowd1159\Beecrowd1159.csproj", "{DC6864DF-8A49-440D-BCC0-0DD490392616}"
EndProject
Global
	GlobalSection(SolutionConfigurationPlatforms) = preSolution
		Debug|Any CPU = Debug|Any CPU
		Release|Any CPU = Release|Any CPU
	EndGlobalSection
	GlobalSection(ProjectConfigurationPlatforms) = postSolution
		{DC6864DF-8A49-440D-BCC0-0DD490392616}.Debug|Any CPU.ActiveCfg = Debug|Any CPU
		{DC6864DF-8A49-440D-BCC0-0DD490392616}.Debug|Any CPU.Build.0 = Debug|Any CPU
		{DC6864DF-8A49-440D-BCC0-0DD490392616}.Release|Any CPU.ActiveCfg = Release|Any CPU
		{DC6864DF-8A49-440D-BCC0-0DD490392616}.Release|Any CPU.Build.0 = Release|Any CPU
	EndGlobalSection
	GlobalSection(SolutionProperties) = preSolution
		HideSolutionNode = FALSE
	EndGlobalSection
	GlobalSection(ExtensibilityGlobals) = postSolution
		SolutionGuid = {84735372-0710-45D8-B724-8B0720941A29}
	EndGlobalSection
EndGlobal
