
Microsoft Visual Studio Solution File, Format Version 12.00
# Visual Studio Version 16
VisualStudioVersion = 25.0.1706.0
MinimumVisualStudioVersion = 10.0.40219.1
Project("{FAE04EC0-301F-11D3-BF4B-00C04F79EFBC}") = "Beecrowd1016", "Beecrowd1016\Beecrowd1016.csproj", "{AE446E13-EDC8-47F5-9F89-7E7A1332076E}"
EndProject
Global
	GlobalSection(SolutionConfigurationPlatforms) = preSolution
		Debug|Any CPU = Debug|Any CPU
		Release|Any CPU = Release|Any CPU
	EndGlobalSection
	GlobalSection(ProjectConfigurationPlatforms) = postSolution
		{AE446E13-EDC8-47F5-9F89-7E7A1332076E}.Debug|Any CPU.ActiveCfg = Debug|Any CPU
		{AE446E13-EDC8-47F5-9F89-7E7A1332076E}.Debug|Any CPU.Build.0 = Debug|Any CPU
		{AE446E13-EDC8-47F5-9F89-7E7A1332076E}.Release|Any CPU.ActiveCfg = Release|Any CPU
		{AE446E13-EDC8-47F5-9F89-7E7A1332076E}.Release|Any CPU.Build.0 = Release|Any CPU
	EndGlobalSection
	GlobalSection(SolutionProperties) = preSolution
		HideSolutionNode = FALSE
	EndGlobalSection
	GlobalSection(ExtensibilityGlobals) = postSolution
		SolutionGuid = {77360614-6CEF-483A-9D6F-ACE7847D98C8}
	EndGlobalSection
EndGlobal
