
Microsoft Visual Studio Solution File, Format Version 12.00
# Visual Studio Version 16
VisualStudioVersion = 25.0.1706.0
MinimumVisualStudioVersion = 10.0.40219.1
Project("{FAE04EC0-301F-11D3-BF4B-00C04F79EFBC}") = "Beecrowd1002", "Beecrowd1002\Beecrowd1002.csproj", "{AAEA12EB-B95A-401C-A0A8-060BFE9761BA}"
EndProject
Global
	GlobalSection(SolutionConfigurationPlatforms) = preSolution
		Debug|Any CPU = Debug|Any CPU
		Release|Any CPU = Release|Any CPU
	EndGlobalSection
	GlobalSection(ProjectConfigurationPlatforms) = postSolution
		{AAEA12EB-B95A-401C-A0A8-060BFE9761BA}.Debug|Any CPU.ActiveCfg = Debug|Any CPU
		{AAEA12EB-B95A-401C-A0A8-060BFE9761BA}.Debug|Any CPU.Build.0 = Debug|Any CPU
		{AAEA12EB-B95A-401C-A0A8-060BFE9761BA}.Release|Any CPU.ActiveCfg = Release|Any CPU
		{AAEA12EB-B95A-401C-A0A8-060BFE9761BA}.Release|Any CPU.Build.0 = Release|Any CPU
	EndGlobalSection
	GlobalSection(SolutionProperties) = preSolution
		HideSolutionNode = FALSE
	EndGlobalSection
	GlobalSection(ExtensibilityGlobals) = postSolution
		SolutionGuid = {67D887E0-15E2-48BE-92B9-16BAD60F7E0D}
	EndGlobalSection
EndGlobal
