
Microsoft Visual Studio Solution File, Format Version 12.00
# Visual Studio Version 16
VisualStudioVersion = 25.0.1706.2
MinimumVisualStudioVersion = 10.0.40219.1
Project("{FAE04EC0-301F-11D3-BF4B-00C04F79EFBC}") = "Beecrowd1020", "Beecrowd1020\Beecrowd1020.csproj", "{EC45B066-657B-44E5-981C-A20C9C8B7561}"
EndProject
Global
	GlobalSection(SolutionConfigurationPlatforms) = preSolution
		Debug|Any CPU = Debug|Any CPU
		Release|Any CPU = Release|Any CPU
	EndGlobalSection
	GlobalSection(ProjectConfigurationPlatforms) = postSolution
		{EC45B066-657B-44E5-981C-A20C9C8B7561}.Debug|Any CPU.ActiveCfg = Debug|Any CPU
		{EC45B066-657B-44E5-981C-A20C9C8B7561}.Debug|Any CPU.Build.0 = Debug|Any CPU
		{EC45B066-657B-44E5-981C-A20C9C8B7561}.Release|Any CPU.ActiveCfg = Release|Any CPU
		{EC45B066-657B-44E5-981C-A20C9C8B7561}.Release|Any CPU.Build.0 = Release|Any CPU
	EndGlobalSection
	GlobalSection(SolutionProperties) = preSolution
		HideSolutionNode = FALSE
	EndGlobalSection
	GlobalSection(ExtensibilityGlobals) = postSolution
		SolutionGuid = {2B81CE0D-E1F7-492E-858C-04D97C2A2550}
	EndGlobalSection
EndGlobal
