
Microsoft Visual Studio Solution File, Format Version 12.00
# Visual Studio Version 16
VisualStudioVersion = 25.0.1706.0
MinimumVisualStudioVersion = 10.0.40219.1
Project("{FAE04EC0-301F-11D3-BF4B-00C04F79EFBC}") = "Beecrowd1010", "Beecrowd1010\Beecrowd1010.csproj", "{EB96DFE3-6CF3-427A-A281-18D26E3BBB1B}"
EndProject
Global
	GlobalSection(SolutionConfigurationPlatforms) = preSolution
		Debug|Any CPU = Debug|Any CPU
		Release|Any CPU = Release|Any CPU
	EndGlobalSection
	GlobalSection(ProjectConfigurationPlatforms) = postSolution
		{EB96DFE3-6CF3-427A-A281-18D26E3BBB1B}.Debug|Any CPU.ActiveCfg = Debug|Any CPU
		{EB96DFE3-6CF3-427A-A281-18D26E3BBB1B}.Debug|Any CPU.Build.0 = Debug|Any CPU
		{EB96DFE3-6CF3-427A-A281-18D26E3BBB1B}.Release|Any CPU.ActiveCfg = Release|Any CPU
		{EB96DFE3-6CF3-427A-A281-18D26E3BBB1B}.Release|Any CPU.Build.0 = Release|Any CPU
	EndGlobalSection
	GlobalSection(SolutionProperties) = preSolution
		HideSolutionNode = FALSE
	EndGlobalSection
	GlobalSection(ExtensibilityGlobals) = postSolution
		SolutionGuid = {B02EAAD5-422B-414B-874C-E7B918DD2AB1}
	EndGlobalSection
EndGlobal
