
Microsoft Visual Studio Solution File, Format Version 12.00
# Visual Studio Version 16
VisualStudioVersion = 25.0.1706.2
MinimumVisualStudioVersion = 10.0.40219.1
Project("{FAE04EC0-301F-11D3-BF4B-00C04F79EFBC}") = "Beecrowd1012", "Beecrowd1012\Beecrowd1012.csproj", "{326C105E-FE64-444E-BCE1-58BDB9B41C81}"
EndProject
Global
	GlobalSection(SolutionConfigurationPlatforms) = preSolution
		Debug|Any CPU = Debug|Any CPU
		Release|Any CPU = Release|Any CPU
	EndGlobalSection
	GlobalSection(ProjectConfigurationPlatforms) = postSolution
		{326C105E-FE64-444E-BCE1-58BDB9B41C81}.Debug|Any CPU.ActiveCfg = Debug|Any CPU
		{326C105E-FE64-444E-BCE1-58BDB9B41C81}.Debug|Any CPU.Build.0 = Debug|Any CPU
		{326C105E-FE64-444E-BCE1-58BDB9B41C81}.Release|Any CPU.ActiveCfg = Release|Any CPU
		{326C105E-FE64-444E-BCE1-58BDB9B41C81}.Release|Any CPU.Build.0 = Release|Any CPU
	EndGlobalSection
	GlobalSection(SolutionProperties) = preSolution
		HideSolutionNode = FALSE
	EndGlobalSection
	GlobalSection(ExtensibilityGlobals) = postSolution
		SolutionGuid = {022026DC-5757-4D09-843B-19EB2D53F1AF}
	EndGlobalSection
EndGlobal
